
Microsoft Visual Studio Solution File, Format Version 12.00
# Visual Studio 2013
VisualStudioVersion = 12.0.30110.0
MinimumVisualStudioVersion = 10.0.40219.1
Project("{FAE04EC0-301F-11D3-BF4B-00C04F79EFBC}") = "OAservice", "OAservice\OAservice.csproj", "{65C5471B-15C8-4B76-A87D-8FAEAB293CA5}"
EndProject
Project("{FAE04EC0-301F-11D3-BF4B-00C04F79EFBC}") = "OAservice.Tests", "OAservice.Tests\OAservice.Tests.csproj", "{46A48EB6-6DE4-4A5C-8B13-ECD1E6C47165}"
EndProject
Project("{FAE04EC0-301F-11D3-BF4B-00C04F79EFBC}") = "Common", "Common\Common.csproj", "{C72E1BCF-2509-4E3C-A4EE-F981EA54542E}"
EndProject
Global
	GlobalSection(SolutionConfigurationPlatforms) = preSolution
		Debug|Any CPU = Debug|Any CPU
		Release|Any CPU = Release|Any CPU
	EndGlobalSection
	GlobalSection(ProjectConfigurationPlatforms) = postSolution
		{65C5471B-15C8-4B76-A87D-8FAEAB293CA5}.Debug|Any CPU.ActiveCfg = Debug|Any CPU
		{65C5471B-15C8-4B76-A87D-8FAEAB293CA5}.Debug|Any CPU.Build.0 = Debug|Any CPU
		{65C5471B-15C8-4B76-A87D-8FAEAB293CA5}.Release|Any CPU.ActiveCfg = Release|Any CPU
		{65C5471B-15C8-4B76-A87D-8FAEAB293CA5}.Release|Any CPU.Build.0 = Release|Any CPU
		{46A48EB6-6DE4-4A5C-8B13-ECD1E6C47165}.Debug|Any CPU.ActiveCfg = Debug|Any CPU
		{46A48EB6-6DE4-4A5C-8B13-ECD1E6C47165}.Debug|Any CPU.Build.0 = Debug|Any CPU
		{46A48EB6-6DE4-4A5C-8B13-ECD1E6C47165}.Release|Any CPU.ActiveCfg = Release|Any CPU
		{46A48EB6-6DE4-4A5C-8B13-ECD1E6C47165}.Release|Any CPU.Build.0 = Release|Any CPU
		{C72E1BCF-2509-4E3C-A4EE-F981EA54542E}.Debug|Any CPU.ActiveCfg = Debug|Any CPU
		{C72E1BCF-2509-4E3C-A4EE-F981EA54542E}.Debug|Any CPU.Build.0 = Debug|Any CPU
		{C72E1BCF-2509-4E3C-A4EE-F981EA54542E}.Release|Any CPU.ActiveCfg = Release|Any CPU
		{C72E1BCF-2509-4E3C-A4EE-F981EA54542E}.Release|Any CPU.Build.0 = Release|Any CPU
	EndGlobalSection
	GlobalSection(SolutionProperties) = preSolution
		HideSolutionNode = FALSE
	EndGlobalSection
EndGlobal
